
Microsoft Visual Studio Solution File, Format Version 12.00
# Visual Studio Version 17
VisualStudioVersion = 17.4.33122.133
MinimumVisualStudioVersion = 10.0.40219.1
Project("{FAE04EC0-301F-11D3-BF4B-00C04F79EFBC}") = "MyBlogProject.UI", "MyBlogProject.UI\MyBlogProject.UI.csproj", "{733481A0-3EF2-4860-822F-2B7181C9802D}"
EndProject
Project("{FAE04EC0-301F-11D3-BF4B-00C04F79EFBC}") = "MyBlogProject.BLL", "MyBlogProject.BLL\MyBlogProject.BLL.csproj", "{1F9EA9EE-AE5C-4E79-8DB6-75A70DD5FC9B}"
EndProject
Project("{FAE04EC0-301F-11D3-BF4B-00C04F79EFBC}") = "MyBlogProject.DAL", "MyBlogProject.DAL\MyBlogProject.DAL.csproj", "{9BC04D66-ECE4-4F06-AC99-F22C9E452F04}"
EndProject
Project("{FAE04EC0-301F-11D3-BF4B-00C04F79EFBC}") = "MyBlogProject.Entity", "MyBlogProject.Entity\MyBlogProject.Entity.csproj", "{8374C23B-AA24-485D-9A15-6F25465591E7}"
EndProject
Project("{FAE04EC0-301F-11D3-BF4B-00C04F79EFBC}") = "MyBlogProject.Common", "MyBlogProject.Common\MyBlogProject.Common.csproj", "{A5790351-BAED-466C-A84E-A262A8CC39AF}"
EndProject
Project("{FAE04EC0-301F-11D3-BF4B-00C04F79EFBC}") = "MyBlogProject.Core", "MyBlogProject.Core\MyBlogProject.Core.csproj", "{856CD3AE-56F6-4340-BC7A-0CD7C4100DA0}"
EndProject
Global
	GlobalSection(SolutionConfigurationPlatforms) = preSolution
		Debug|Any CPU = Debug|Any CPU
		Release|Any CPU = Release|Any CPU
	EndGlobalSection
	GlobalSection(ProjectConfigurationPlatforms) = postSolution
		{733481A0-3EF2-4860-822F-2B7181C9802D}.Debug|Any CPU.ActiveCfg = Debug|Any CPU
		{733481A0-3EF2-4860-822F-2B7181C9802D}.Debug|Any CPU.Build.0 = Debug|Any CPU
		{733481A0-3EF2-4860-822F-2B7181C9802D}.Release|Any CPU.ActiveCfg = Release|Any CPU
		{733481A0-3EF2-4860-822F-2B7181C9802D}.Release|Any CPU.Build.0 = Release|Any CPU
		{1F9EA9EE-AE5C-4E79-8DB6-75A70DD5FC9B}.Debug|Any CPU.ActiveCfg = Debug|Any CPU
		{1F9EA9EE-AE5C-4E79-8DB6-75A70DD5FC9B}.Debug|Any CPU.Build.0 = Debug|Any CPU
		{1F9EA9EE-AE5C-4E79-8DB6-75A70DD5FC9B}.Release|Any CPU.ActiveCfg = Release|Any CPU
		{1F9EA9EE-AE5C-4E79-8DB6-75A70DD5FC9B}.Release|Any CPU.Build.0 = Release|Any CPU
		{9BC04D66-ECE4-4F06-AC99-F22C9E452F04}.Debug|Any CPU.ActiveCfg = Debug|Any CPU
		{9BC04D66-ECE4-4F06-AC99-F22C9E452F04}.Debug|Any CPU.Build.0 = Debug|Any CPU
		{9BC04D66-ECE4-4F06-AC99-F22C9E452F04}.Release|Any CPU.ActiveCfg = Release|Any CPU
		{9BC04D66-ECE4-4F06-AC99-F22C9E452F04}.Release|Any CPU.Build.0 = Release|Any CPU
		{8374C23B-AA24-485D-9A15-6F25465591E7}.Debug|Any CPU.ActiveCfg = Debug|Any CPU
		{8374C23B-AA24-485D-9A15-6F25465591E7}.Debug|Any CPU.Build.0 = Debug|Any CPU
		{8374C23B-AA24-485D-9A15-6F25465591E7}.Release|Any CPU.ActiveCfg = Release|Any CPU
		{8374C23B-AA24-485D-9A15-6F25465591E7}.Release|Any CPU.Build.0 = Release|Any CPU
		{A5790351-BAED-466C-A84E-A262A8CC39AF}.Debug|Any CPU.ActiveCfg = Debug|Any CPU
		{A5790351-BAED-466C-A84E-A262A8CC39AF}.Debug|Any CPU.Build.0 = Debug|Any CPU
		{A5790351-BAED-466C-A84E-A262A8CC39AF}.Release|Any CPU.ActiveCfg = Release|Any CPU
		{A5790351-BAED-466C-A84E-A262A8CC39AF}.Release|Any CPU.Build.0 = Release|Any CPU
		{856CD3AE-56F6-4340-BC7A-0CD7C4100DA0}.Debug|Any CPU.ActiveCfg = Debug|Any CPU
		{856CD3AE-56F6-4340-BC7A-0CD7C4100DA0}.Debug|Any CPU.Build.0 = Debug|Any CPU
		{856CD3AE-56F6-4340-BC7A-0CD7C4100DA0}.Release|Any CPU.ActiveCfg = Release|Any CPU
		{856CD3AE-56F6-4340-BC7A-0CD7C4100DA0}.Release|Any CPU.Build.0 = Release|Any CPU
	EndGlobalSection
	GlobalSection(SolutionProperties) = preSolution
		HideSolutionNode = FALSE
	EndGlobalSection
	GlobalSection(ExtensibilityGlobals) = postSolution
		SolutionGuid = {B5A89879-93C2-4F2E-AA3F-4450B8166191}
	EndGlobalSection
EndGlobal
